
Microsoft Visual Studio Solution File, Format Version 12.00
# Visual Studio 14
VisualStudioVersion = 14.0.25123.0
MinimumVisualStudioVersion = 10.0.40219.1
Project("{8CBA03AC-A7D7-4EC0-8673-AB58E347E425}") = "Sitecore.Support.212515", "Sitecore.Support.212515\Sitecore.Support.212515.csproj", "{740BFEFD-2496-48B8-B5C2-946CFE294A0E}"
EndProject
Global
	GlobalSection(SolutionConfigurationPlatforms) = preSolution
		Debug|Any CPU = Debug|Any CPU
		Release|Any CPU = Release|Any CPU
	EndGlobalSection
	GlobalSection(ProjectConfigurationPlatforms) = postSolution
		{740BFEFD-2496-48B8-B5C2-946CFE294A0E}.Debug|Any CPU.ActiveCfg = Debug|Any CPU
		{740BFEFD-2496-48B8-B5C2-946CFE294A0E}.Debug|Any CPU.Build.0 = Debug|Any CPU
		{740BFEFD-2496-48B8-B5C2-946CFE294A0E}.Release|Any CPU.ActiveCfg = Release|Any CPU
		{740BFEFD-2496-48B8-B5C2-946CFE294A0E}.Release|Any CPU.Build.0 = Release|Any CPU
	EndGlobalSection
	GlobalSection(SolutionProperties) = preSolution
		HideSolutionNode = FALSE
	EndGlobalSection
EndGlobal
